
Microsoft Visual Studio Solution File, Format Version 12.00
# Visual Studio 14
VisualStudioVersion = 14.0.24720.0
MinimumVisualStudioVersion = 10.0.40219.1
Project("{FAE04EC0-301F-11D3-BF4B-00C04F79EFBC}") = "CTEligible", "CTEligible\CTEligible.csproj", "{7BCD34D1-78B9-4FCA-902E-3ED053D6FC1D}"
EndProject
Global
	GlobalSection(SolutionConfigurationPlatforms) = preSolution
		Debug|Any CPU = Debug|Any CPU
		MonoDebug|Any CPU = MonoDebug|Any CPU
		Release|Any CPU = Release|Any CPU
		Release-X64|Any CPU = Release-X64|Any CPU
		X64|Any CPU = X64|Any CPU
	EndGlobalSection
	GlobalSection(ProjectConfigurationPlatforms) = postSolution
		{7BCD34D1-78B9-4FCA-902E-3ED053D6FC1D}.Debug|Any CPU.ActiveCfg = Debug|Any CPU
		{7BCD34D1-78B9-4FCA-902E-3ED053D6FC1D}.Debug|Any CPU.Build.0 = Debug|Any CPU
		{7BCD34D1-78B9-4FCA-902E-3ED053D6FC1D}.MonoDebug|Any CPU.ActiveCfg = Debug|Any CPU
		{7BCD34D1-78B9-4FCA-902E-3ED053D6FC1D}.MonoDebug|Any CPU.Build.0 = Debug|Any CPU
		{7BCD34D1-78B9-4FCA-902E-3ED053D6FC1D}.Release|Any CPU.ActiveCfg = Release|Any CPU
		{7BCD34D1-78B9-4FCA-902E-3ED053D6FC1D}.Release|Any CPU.Build.0 = Release|Any CPU
		{7BCD34D1-78B9-4FCA-902E-3ED053D6FC1D}.Release-X64|Any CPU.ActiveCfg = Release|Any CPU
		{7BCD34D1-78B9-4FCA-902E-3ED053D6FC1D}.Release-X64|Any CPU.Build.0 = Release|Any CPU
		{7BCD34D1-78B9-4FCA-902E-3ED053D6FC1D}.X64|Any CPU.ActiveCfg = Release|Any CPU
		{7BCD34D1-78B9-4FCA-902E-3ED053D6FC1D}.X64|Any CPU.Build.0 = Release|Any CPU
	EndGlobalSection
	GlobalSection(SolutionProperties) = preSolution
		HideSolutionNode = FALSE
	EndGlobalSection
EndGlobal
